{
  "name": "@vpmedia/phixify-example",
  "version": "1.0.0",
  "lockfileVersion": 2,
  "requires": true,
  "packages": {
    "": {
      "name": "@vpmedia/phixify-example",
      "version": "1.0.0",
      "license": "MIT",
      "devDependencies": {
        "@vpmedia/phixify": "^1.0.1"
      }
    },
    "node_modules/@vpmedia/phixify": {
      "version": "1.0.1",
      "resolved": "https://registry.npmjs.org/@vpmedia/phixify/-/phixify-1.0.1.tgz",
      "integrity": "sha512-OZjDlQRoieF8mfV/XITVAG5aOwt3RopsM8dxyBkGrIYYua0Z1VSviCUw4C3O4f4NQenyHmsQrzmYEp2A4lK8cw==",
      "dev": true,
      "dependencies": {
        "commander": "^9.4.1"
      },
      "bin": {
        "phixify": "dist/phixify.mjs"
      },
      "engines": {
        "node": ">=16.0.0",
        "npm": ">=7.0.0"
      }
    },
    "node_modules/commander": {
      "version": "9.4.1",
      "resolved": "https://registry.npmjs.org/commander/-/commander-9.4.1.tgz",
      "integrity": "sha512-5EEkTNyHNGFPD2H+c/dXXfQZYa/scCKasxWcXJaWnNJ99pnQN9Vnmqow+p+PlFPE63Q6mThaZws1T+HxfpgtPw==",
      "dev": true,
      "engines": {
        "node": "^12.20.0 || >=14"
      }
    }
  },
  "dependencies": {
    "@vpmedia/phixify": {
      "version": "1.0.1",
      "resolved": "https://registry.npmjs.org/@vpmedia/phixify/-/phixify-1.0.1.tgz",
      "integrity": "sha512-OZjDlQRoieF8mfV/XITVAG5aOwt3RopsM8dxyBkGrIYYua0Z1VSviCUw4C3O4f4NQenyHmsQrzmYEp2A4lK8cw==",
      "dev": true,
      "requires": {
        "commander": "^9.4.1"
      }
    },
    "commander": {
      "version": "9.4.1",
      "resolved": "https://registry.npmjs.org/commander/-/commander-9.4.1.tgz",
      "integrity": "sha512-5EEkTNyHNGFPD2H+c/dXXfQZYa/scCKasxWcXJaWnNJ99pnQN9Vnmqow+p+PlFPE63Q6mThaZws1T+HxfpgtPw==",
      "dev": true
    }
  }
}
